
Microsoft Visual Studio Solution File, Format Version 12.00
# Visual Studio Version 16
VisualStudioVersion = 16.0.30907.101
MinimumVisualStudioVersion = 10.0.40219.1
Project("{FAE04EC0-301F-11D3-BF4B-00C04F79EFBC}") = "etteplan_arbetsuppgift_winforms", "etteplan_arbetsuppgift_winforms.csproj", "{7E9A0965-134B-4821-8B03-092DACEE9283}"
EndProject
Global
	GlobalSection(SolutionConfigurationPlatforms) = preSolution
		Debug|Any CPU = Debug|Any CPU
		Release|Any CPU = Release|Any CPU
	EndGlobalSection
	GlobalSection(ProjectConfigurationPlatforms) = postSolution
		{7E9A0965-134B-4821-8B03-092DACEE9283}.Debug|Any CPU.ActiveCfg = Debug|Any CPU
		{7E9A0965-134B-4821-8B03-092DACEE9283}.Debug|Any CPU.Build.0 = Debug|Any CPU
		{7E9A0965-134B-4821-8B03-092DACEE9283}.Release|Any CPU.ActiveCfg = Release|Any CPU
		{7E9A0965-134B-4821-8B03-092DACEE9283}.Release|Any CPU.Build.0 = Release|Any CPU
	EndGlobalSection
	GlobalSection(SolutionProperties) = preSolution
		HideSolutionNode = FALSE
	EndGlobalSection
	GlobalSection(ExtensibilityGlobals) = postSolution
		SolutionGuid = {F7B0C1D4-4400-4451-9DBD-2540E811F87F}
	EndGlobalSection
EndGlobal
